// !$*UTF8*$!
{
	archiveVersion = 1;
	classes = {
	};
	objectVersion = 50;
	objects = {

/* Begin PBXBuildFile section */
		846FD6D8217F4C7300690AC7 /* AppDelegate.swift in Sources */ = {isa = PBXBuildFile; fileRef = 846FD6D7217F4C7300690AC7 /* AppDelegate.swift */; };
		846FD6DA217F4C7300690AC7 /* DetailViewController.swift in Sources */ = {isa = PBXBuildFile; fileRef = 846FD6D9217F4C7300690AC7 /* DetailViewController.swift */; };
		846FD6DD217F4C7300690AC7 /* Main.storyboard in Resources */ = {isa = PBXBuildFile; fileRef = 846FD6DB217F4C7300690AC7 /* Main.storyboard */; };
		846FD6DF217F4C7500690AC7 /* Assets.xcassets in Resources */ = {isa = PBXBuildFile; fileRef = 846FD6DE217F4C7500690AC7 /* Assets.xcassets */; };
		846FD6E2217F4C7500690AC7 /* LaunchScreen.storyboard in Resources */ = {isa = PBXBuildFile; fileRef = 846FD6E0217F4C7500690AC7 /* LaunchScreen.storyboard */; };
		846FD6EA217F4D2300690AC7 /* MasterViewController.swift in Sources */ = {isa = PBXBuildFile; fileRef = 846FD6E9217F4D2300690AC7 /* MasterViewController.swift */; };
/* End PBXBuildFile section */

/* Begin PBXFileReference section */
		846FD6D4217F4C7300690AC7 /* Nodata.app */ = {isa = PBXFileReference; explicitFileType = wrapper.application; includeInIndex = 0; path = Nodata.app; sourceTree = BUILT_PRODUCTS_DIR; };
		846FD6D7217F4C7300690AC7 /* AppDelegate.swift */ = {isa = PBXFileReference; lastKnownFileType = sourcecode.swift; path = AppDelegate.swift; sourceTree = "<group>"; };
		846FD6D9217F4C7300690AC7 /* DetailViewController.swift */ = {isa = PBXFileReference; lastKnownFileType = sourcecode.swift; path = DetailViewController.swift; sourceTree = "<group>"; };
		846FD6DC217F4C7300690AC7 /* Base */ = {isa = PBXFileReference; lastKnownFileType = file.storyboard; name = Base; path = Base.lproj/Main.storyboard; sourceTree = "<group>"; };
		846FD6DE217F4C7500690AC7 /* Assets.xcassets */ = {isa = PBXFileReference; lastKnownFileType = folder.assetcatalog; path = Assets.xcassets; sourceTree = "<group>"; };
		846FD6E1217F4C7500690AC7 /* Base */ = {isa = PBXFileReference; lastKnownFileType = file.storyboard; name = Base; path = Base.lproj/LaunchScreen.storyboard; sourceTree = "<group>"; };
		846FD6E3217F4C7500690AC7 /* Info.plist */ = {isa = PBXFileReference; lastKnownFileType = text.plist.xml; path = Info.plist; sourceTree = "<group>"; };
		846FD6E9217F4D2300690AC7 /* MasterViewController.swift */ = {isa = PBXFileReference; lastKnownFileType = sourcecode.swift; path = MasterViewController.swift; sourceTree = "<group>"; };
/* End PBXFileReference section */

/* Begin PBXFrameworksBuildPhase section */
		846FD6D1217F4C7300690AC7 /* Frameworks */ = {
			isa = PBXFrameworksBuildPhase;
			buildActionMask = 2147483647;
			files = (
			);
			runOnlyForDeploymentPostprocessing = 0;
		};
/* End PBXFrameworksBuildPhase section */

/* Begin PBXGroup section */
		846FD6CB217F4C7300690AC7 = {
			isa = PBXGroup;
			children = (
				846FD6D6217F4C7300690AC7 /* Nodata */,
				846FD6D5217F4C7300690AC7 /* Products */,
			);
			sourceTree = "<group>";
		};
		846FD6D5217F4C7300690AC7 /* Products */ = {
			isa = PBXGroup;
			children = (
				846FD6D4217F4C7300690AC7 /* Nodata.app */,
			);
			name = Products;
			sourceTree = "<group>";
		};
		846FD6D6217F4C7300690AC7 /* Nodata */ = {
			isa = PBXGroup;
			children = (
				846FD6D7217F4C7300690AC7 /* AppDelegate.swift */,
				846FD6D9217F4C7300690AC7 /* DetailViewController.swift */,
				846FD6E9217F4D2300690AC7 /* MasterViewController.swift */,
				846FD6DB217F4C7300690AC7 /* Main.storyboard */,
				846FD6DE217F4C7500690AC7 /* Assets.xcassets */,
				846FD6E0217F4C7500690AC7 /* LaunchScreen.storyboard */,
				846FD6E3217F4C7500690AC7 /* Info.plist */,
			);
			path = Nodata;
			sourceTree = "<group>";
		};
/* End PBXGroup section */

/* Begin PBXNativeTarget section */
		846FD6D3217F4C7300690AC7 /* Nodata */ = {
			isa = PBXNativeTarget;
			buildConfigurationList = 846FD6E6217F4C7500690AC7 /* Build configuration list for PBXNativeTarget "Nodata" */;
			buildPhases = (
				846FD6D0217F4C7300690AC7 /* Sources */,
				846FD6D1217F4C7300690AC7 /* Frameworks */,
				846FD6D2217F4C7300690AC7 /* Resources */,
			);
			buildRules = (
			);
			dependencies = (
			);
			name = Nodata;
			productName = Nodata;
			productReference = 846FD6D4217F4C7300690AC7 /* Nodata.app */;
			productType = "com.apple.product-type.application";
		};
/* End PBXNativeTarget section */

/* Begin PBXProject section */
		846FD6CC217F4C7300690AC7 /* Project object */ = {
			isa = PBXProject;
			attributes = {
				LastSwiftUpdateCheck = 0940;
				LastUpgradeCheck = 0940;
				ORGANIZATIONNAME = Admin;
				TargetAttributes = {
					846FD6D3217F4C7300690AC7 = {
						CreatedOnToolsVersion = 9.4.1;
					};
				};
			};
			buildConfigurationList = 846FD6CF217F4C7300690AC7 /* Build configuration list for PBXProject "Nodata" */;
			compatibilityVersion = "Xcode 9.3";
			developmentRegion = en;
			hasScannedForEncodings = 0;
			knownRegions = (
				en,
				Base,
			);
			mainGroup = 846FD6CB217F4C7300690AC7;
			productRefGroup = 846FD6D5217F4C7300690AC7 /* Products */;
			projectDirPath = "";
			projectRoot = "";
			targets = (
				846FD6D3217F4C7300690AC7 /* Nodata */,
			);
		};
/* End PBXProject section */

/* Begin PBXResourcesBuildPhase section */
		846FD6D2217F4C7300690AC7 /* Resources */ = {
			isa = PBXResourcesBuildPhase;
			buildActionMask = 2147483647;
			files = (
				846FD6E2217F4C7500690AC7 /* LaunchScreen.storyboard in Resources */,
				846FD6DF217F4C7500690AC7 /* Assets.xcassets in Resources */,
				846FD6DD217F4C7300690AC7 /* Main.storyboard in Resources */,
			);
			runOnlyForDeploymentPostprocessing = 0;
		};
/* End PBXResourcesBuildPhase section */

/* Begin PBXSourcesBuildPhase section */
		846FD6D0217F4C7300690AC7 /* Sources */ = {
			isa = PBXSourcesBuildPhase;
			buildActionMask = 2147483647;
			files = (
				846FD6DA217F4C7300690AC7 /* DetailViewController.swift in Sources */,
				846FD6D8217F4C7300690AC7 /* AppDelegate.swift in Sources */,
				846FD6EA217F4D2300690AC7 /* MasterViewController.swift in Sources */,
			);
			runOnlyForDeploymentPostprocessing = 0;
		};
/* End PBXSourcesBuildPhase section */

/* Begin PBXVariantGroup section */
		846FD6DB217F4C7300690AC7 /* Main.storyboard */ = {
			isa = PBXVariantGroup;
			children = (
				846FD6DC217F4C7300690AC7 /* Base */,
			);
			name = Main.storyboard;
			sourceTree = "<group>";
		};
		846FD6E0217F4C7500690AC7 /* LaunchScreen.storyboard */ = {
			isa = PBXVariantGroup;
			children = (
				846FD6E1217F4C7500690AC7 /* Base */,
			);
			name = LaunchScreen.storyboard;
			sourceTree = "<group>";
		};
/* End PBXVariantGroup section */

/* Begin XCBuildConfiguration section */
		846FD6E4217F4C7500690AC7 /* Debug */ = {
			isa = XCBuildConfiguration;
			buildSettings = {
				ALWAYS_SEARCH_USER_PATHS = NO;
				CLANG_ANALYZER_NONNULL = YES;
				CLANG_ANALYZER_NUMBER_OBJECT_CONVERSION = YES_AGGRESSIVE;
				CLANG_CXX_LANGUAGE_STANDARD = "gnu++14";
				CLANG_CXX_LIBRARY = "libc++";
				CLANG_ENABLE_MODULES = YES;
				CLANG_ENABLE_OBJC_ARC = YES;
				CLANG_ENABLE_OBJC_WEAK = YES;
				CLANG_WARN_BLOCK_CAPTURE_AUTORELEASING = YES;
				CLANG_WARN_BOOL_CONVERSION = YES;
				CLANG_WARN_COMMA = YES;
				CLANG_WARN_CONSTANT_CONVERSION = YES;
				CLANG_WARN_DEPRECATED_OBJC_IMPLEMENTATIONS = YES;
				CLANG_WARN_DIRECT_OBJC_ISA_USAGE = YES_ERROR;
				CLANG_WARN_DOCUMENTATION_COMMENTS = YES;
				CLANG_WARN_EMPTY_BODY = YES;
				CLANG_WARN_ENUM_CONVERSION = YES;
				CLANG_WARN_INFINITE_RECURSION = YES;
				CLANG_WARN_INT_CONVERSION = YES;
				CLANG_WARN_NON_LITERAL_NULL_CONVERSION = YES;
				CLANG_WARN_OBJC_IMPLICIT_RETAIN_SELF = YES;
				CLANG_WARN_OBJC_LITERAL_CONVERSION = YES;
				CLANG_WARN_OBJC_ROOT_CLASS = YES_ERROR;
				CLANG_WARN_RANGE_LOOP_ANALYSIS = YES;
				CLANG_WARN_STRICT_PROTOTYPES = YES;
				CLANG_WARN_SUSPICIOUS_MOVE = YES;
				CLANG_WARN_UNGUARDED_AVAILABILITY = YES_AGGRESSIVE;
				CLANG_WARN_UNREACHABLE_CODE = YES;
				CLANG_WARN__DUPLICATE_METHOD_MATCH = YES;
				CODE_SIGN_IDENTITY = "iPhone Developer";
				COPY_PHASE_STRIP = NO;
				DEBUG_INFORMATION_FORMAT = dwarf;
				ENABLE_STRICT_OBJC_MSGSEND = YES;
				ENABLE_TESTABILITY = YES;
				GCC_C_LANGUAGE_STANDARD = gnu11;
				GCC_DYNAMIC_NO_PIC = NO;
				GCC_NO_COMMON_BLOCKS = YES;
				GCC_OPTIMIZATION_LEVEL = 0;
				GCC_PREPROCESSOR_DEFINITIONS = (
					"DEBUG=1",
					"$(inherited)",
				);
				GCC_WARN_64_TO_32_BIT_CONVERSION = YES;
				GCC_WARN_ABOUT_RETURN_TYPE = YES_ERROR;
				GCC_WARN_UNDECLARED_SELECTOR = YES;
				GCC_WARN_UNINITIALIZED_AUTOS = YES_AGGRESSIVE;
				GCC_WARN_UNUSED_FUNCTION = YES;
				GCC_WARN_UNUSED_VARIABLE = YES;
				IPHONEOS_DEPLOYMENT_TARGET = 11.4;
				MTL_ENABLE_DEBUG_INFO = YES;
				ONLY_ACTIVE_ARCH = YES;
				SDKROOT = iphoneos;
				SWIFT_ACTIVE_COMPILATION_CONDITIONS = DEBUG;
				SWIFT_OPTIMIZATION_LEVEL = "-Onone";
			};
			name = Debug;
		};
		846FD6E5217F4C7500690AC7 /* Release */ = {
			isa = XCBuildConfiguration;
			buildSettings = {
				ALWAYS_SEARCH_USER_PATHS = NO;
				CLANG_ANALYZER_NONNULL = YES;
				CLANG_ANALYZER_NUMBER_OBJECT_CONVERSION = YES_AGGRESSIVE;
				CLANG_CXX_LANGUAGE_STANDARD = "gnu++14";
				CLANG_CXX_LIBRARY = "libc++";
				CLANG_ENABLE_MODULES = YES;
				CLANG_ENABLE_OBJC_ARC = YES;
				CLANG_ENABLE_OBJC_WEAK = YES;
				CLANG_WARN_BLOCK_CAPTURE_AUTORELEASING = YES;
				CLANG_WARN_BOOL_CONVERSION = YES;
				CLANG_WARN_COMMA = YES;
				CLANG_WARN_CONSTANT_CONVERSION = YES;
				CLANG_WARN_DEPRECATED_OBJC_IMPLEMENTATIONS = YES;
				CLANG_WARN_DIRECT_OBJC_ISA_USAGE = YES_ERROR;
				CLANG_WARN_DOCUMENTATION_COMMENTS = YES;
				CLANG_WARN_EMPTY_BODY = YES;
				CLANG_WARN_ENUM_CONVERSION = YES;
				CLANG_WARN_INFINITE_RECURSION = YES;
				CLANG_WARN_INT_CONVERSION = YES;
				CLANG_WARN_NON_LITERAL_NULL_CONVERSION = YES;
				CLANG_WARN_OBJC_IMPLICIT_RETAIN_SELF = YES;
				CLANG_WARN_OBJC_LITERAL_CONVERSION = YES;
				CLANG_WARN_OBJC_ROOT_CLASS = YES_ERROR;
				CLANG_WARN_RANGE_LOOP_ANALYSIS = YES;
				CLANG_WARN_STRICT_PROTOTYPES = YES;
				CLANG_WARN_SUSPICIOUS_MOVE = YES;
				CLANG_WARN_UNGUARDED_AVAILABILITY = YES_AGGRESSIVE;
				CLANG_WARN_UNREACHABLE_CODE = YES;
				CLANG_WARN__DUPLICATE_METHOD_MATCH = YES;
				CODE_SIGN_IDENTITY = "iPhone Developer";
				COPY_PHASE_STRIP = NO;
				DEBUG_INFORMATION_FORMAT = "dwarf-with-dsym";
				ENABLE_NS_ASSERTIONS = NO;
				ENABLE_STRICT_OBJC_MSGSEND = YES;
				GCC_C_LANGUAGE_STANDARD = gnu11;
				GCC_NO_COMMON_BLOCKS = YES;
				GCC_WARN_64_TO_32_BIT_CONVERSION = YES;
				GCC_WARN_ABOUT_RETURN_TYPE = YES_ERROR;
				GCC_WARN_UNDECLARED_SELECTOR = YES;
				GCC_WARN_UNINITIALIZED_AUTOS = YES_AGGRESSIVE;
				GCC_WARN_UNUSED_FUNCTION = YES;
				GCC_WARN_UNUSED_VARIABLE = YES;
				IPHONEOS_DEPLOYMENT_TARGET = 11.4;
				MTL_ENABLE_DEBUG_INFO = NO;
				SDKROOT = iphoneos;
				SWIFT_COMPILATION_MODE = wholemodule;
				SWIFT_OPTIMIZATION_LEVEL = "-O";
				VALIDATE_PRODUCT = YES;
			};
			name = Release;
		};
		846FD6E7217F4C7500690AC7 /* Debug */ = {
			isa = XCBuildConfiguration;
			buildSettings = {
				ASSETCATALOG_COMPILER_APPICON_NAME = AppIcon;
				CODE_SIGN_STYLE = Automatic;
				INFOPLIST_FILE = Nodata/Info.plist;
				LD_RUNPATH_SEARCH_PATHS = (
					"$(inherited)",
					"@executable_path/Frameworks",
				);
				PRODUCT_BUNDLE_IDENTIFIER = com.NA.Nodata;
				PRODUCT_NAME = "$(TARGET_NAME)";
				SWIFT_VERSION = 4.0;
				TARGETED_DEVICE_FAMILY = "1,2";
			};
			name = Debug;
		};
		846FD6E8217F4C7500690AC7 /* Release */ = {
			isa = XCBuildConfiguration;
			buildSettings = {
				ASSETCATALOG_COMPILER_APPICON_NAME = AppIcon;
				CODE_SIGN_STYLE = Automatic;
				INFOPLIST_FILE = Nodata/Info.plist;
				LD_RUNPATH_SEARCH_PATHS = (
					"$(inherited)",
					"@executable_path/Frameworks",
				);
				PRODUCT_BUNDLE_IDENTIFIER = com.NA.Nodata;
				PRODUCT_NAME = "$(TARGET_NAME)";
				SWIFT_VERSION = 4.0;
				TARGETED_DEVICE_FAMILY = "1,2";
			};
			name = Release;
		};
/* End XCBuildConfiguration section */

/* Begin XCConfigurationList section */
		846FD6CF217F4C7300690AC7 /* Build configuration list for PBXProject "Nodata" */ = {
			isa = XCConfigurationList;
			buildConfigurations = (
				846FD6E4217F4C7500690AC7 /* Debug */,
				846FD6E5217F4C7500690AC7 /* Release */,
			);
			defaultConfigurationIsVisible = 0;
			defaultConfigurationName = Release;
		};
		846FD6E6217F4C7500690AC7 /* Build configuration list for PBXNativeTarget "Nodata" */ = {
			isa = XCConfigurationList;
			buildConfigurations = (
				846FD6E7217F4C7500690AC7 /* Debug */,
				846FD6E8217F4C7500690AC7 /* Release */,
			);
			defaultConfigurationIsVisible = 0;
			defaultConfigurationName = Release;
		};
/* End XCConfigurationList section */
	};
	rootObject = 846FD6CC217F4C7300690AC7 /* Project object */;
}
